
Microsoft Visual Studio Solution File, Format Version 12.00
# Visual Studio Version 16
VisualStudioVersion = 16.0.29102.190
MinimumVisualStudioVersion = 10.0.40219.1
Project("{FAE04EC0-301F-11D3-BF4B-00C04F79EFBC}") = "Geospatial.Core", "Geospatial.Core\Geospatial.Core.csproj", "{2C687F18-81A4-4449-9FA8-49C5B75CE545}"
EndProject
Project("{FAE04EC0-301F-11D3-BF4B-00C04F79EFBC}") = "Geospatial.Algorithms", "Geospatial.Algorithms\Geospatial.Algorithms.csproj", "{848E534E-E67C-4BEE-89EF-627C45BFA382}"
EndProject
Project("{FAE04EC0-301F-11D3-BF4B-00C04F79EFBC}") = "Geospatial.Projections", "Geospatial.Projections\Geospatial.Projections.csproj", "{5F6BCCD1-1AD5-4C9C-8E17-5C0B7BDA4D07}"
EndProject
Global
	GlobalSection(SolutionConfigurationPlatforms) = preSolution
		Debug|Any CPU = Debug|Any CPU
		Release|Any CPU = Release|Any CPU
	EndGlobalSection
	GlobalSection(ProjectConfigurationPlatforms) = postSolution
		{2C687F18-81A4-4449-9FA8-49C5B75CE545}.Debug|Any CPU.ActiveCfg = Debug|Any CPU
		{2C687F18-81A4-4449-9FA8-49C5B75CE545}.Debug|Any CPU.Build.0 = Debug|Any CPU
		{2C687F18-81A4-4449-9FA8-49C5B75CE545}.Release|Any CPU.ActiveCfg = Release|Any CPU
		{2C687F18-81A4-4449-9FA8-49C5B75CE545}.Release|Any CPU.Build.0 = Release|Any CPU
		{848E534E-E67C-4BEE-89EF-627C45BFA382}.Debug|Any CPU.ActiveCfg = Debug|Any CPU
		{848E534E-E67C-4BEE-89EF-627C45BFA382}.Debug|Any CPU.Build.0 = Debug|Any CPU
		{848E534E-E67C-4BEE-89EF-627C45BFA382}.Release|Any CPU.ActiveCfg = Release|Any CPU
		{848E534E-E67C-4BEE-89EF-627C45BFA382}.Release|Any CPU.Build.0 = Release|Any CPU
		{5F6BCCD1-1AD5-4C9C-8E17-5C0B7BDA4D07}.Debug|Any CPU.ActiveCfg = Debug|Any CPU
		{5F6BCCD1-1AD5-4C9C-8E17-5C0B7BDA4D07}.Debug|Any CPU.Build.0 = Debug|Any CPU
		{5F6BCCD1-1AD5-4C9C-8E17-5C0B7BDA4D07}.Release|Any CPU.ActiveCfg = Release|Any CPU
		{5F6BCCD1-1AD5-4C9C-8E17-5C0B7BDA4D07}.Release|Any CPU.Build.0 = Release|Any CPU
	EndGlobalSection
	GlobalSection(SolutionProperties) = preSolution
		HideSolutionNode = FALSE
	EndGlobalSection
	GlobalSection(ExtensibilityGlobals) = postSolution
		SolutionGuid = {4BC1CB76-C80F-4047-A5D9-587240B3C59A}
	EndGlobalSection
EndGlobal
