
Microsoft Visual Studio Solution File, Format Version 12.00
# Visual Studio Version 16
VisualStudioVersion = 16.0.29102.190
MinimumVisualStudioVersion = 10.0.40219.1
Project("{9A19103F-16F7-4668-BE54-9A1E7A4F7556}") = "Geospatial.Core", "Geospatial.Core\Geospatial.Core.csproj", "{2C687F18-81A4-4449-9FA8-49C5B75CE545}"
EndProject
Project("{9A19103F-16F7-4668-BE54-9A1E7A4F7556}") = "Geospatial.Algorithms", "Geospatial.Algorithms\Geospatial.Algorithms.csproj", "{848E534E-E67C-4BEE-89EF-627C45BFA382}"
EndProject
Project("{9A19103F-16F7-4668-BE54-9A1E7A4F7556}") = "Geospatial.IO", "Geospatial.IO\Geospatial.IO.csproj", "{E2A348B4-65A6-485E-A709-A4F29F1D632B}"
EndProject
Project("{9A19103F-16F7-4668-BE54-9A1E7A4F7556}") = "Geospatial.Algorithms.Tests", "Geospatial.Algorithms.Tests\Geospatial.Algorithms.Tests.csproj", "{DAD50D5D-8D72-490B-85F9-FED9766BE47F}"
EndProject
Project("{9A19103F-16F7-4668-BE54-9A1E7A4F7556}") = "Geospatial.Web", "Geospatial.Web\Geospatial.Web.csproj", "{646091A0-79CE-4B07-A39F-EE7C67F8B4E6}"
EndProject
Project("{9A19103F-16F7-4668-BE54-9A1E7A4F7556}") = "Geospatial.IO.Tests", "Geospatial.IO.Tests\Geospatial.IO.Tests.csproj", "{233CB042-CC04-48BE-A655-E30CC73FF2EA}"
EndProject
Project("{E53339B2-1760-4266-BCC7-CA923CBCF16C}") = "docker-compose", "docker-compose.dcproj", "{1C39F707-EE80-4F91-B1AA-85B3E006B529}"
EndProject
Project("{FAE04EC0-301F-11D3-BF4B-00C04F79EFBC}") = "Geospatial.Core.Tests", "..\Geospatial.Core.Tests\Geospatial.Core.Tests.csproj", "{59FCB768-8923-4922-9268-558C165C1539}"
EndProject
Global
	GlobalSection(SolutionConfigurationPlatforms) = preSolution
		Debug|Any CPU = Debug|Any CPU
		Release|Any CPU = Release|Any CPU
	EndGlobalSection
	GlobalSection(ProjectConfigurationPlatforms) = postSolution
		{2C687F18-81A4-4449-9FA8-49C5B75CE545}.Debug|Any CPU.ActiveCfg = Debug|Any CPU
		{2C687F18-81A4-4449-9FA8-49C5B75CE545}.Debug|Any CPU.Build.0 = Debug|Any CPU
		{2C687F18-81A4-4449-9FA8-49C5B75CE545}.Release|Any CPU.ActiveCfg = Release|Any CPU
		{2C687F18-81A4-4449-9FA8-49C5B75CE545}.Release|Any CPU.Build.0 = Release|Any CPU
		{848E534E-E67C-4BEE-89EF-627C45BFA382}.Debug|Any CPU.ActiveCfg = Debug|Any CPU
		{848E534E-E67C-4BEE-89EF-627C45BFA382}.Debug|Any CPU.Build.0 = Debug|Any CPU
		{848E534E-E67C-4BEE-89EF-627C45BFA382}.Release|Any CPU.ActiveCfg = Release|Any CPU
		{848E534E-E67C-4BEE-89EF-627C45BFA382}.Release|Any CPU.Build.0 = Release|Any CPU
		{E2A348B4-65A6-485E-A709-A4F29F1D632B}.Debug|Any CPU.ActiveCfg = Debug|Any CPU
		{E2A348B4-65A6-485E-A709-A4F29F1D632B}.Debug|Any CPU.Build.0 = Debug|Any CPU
		{E2A348B4-65A6-485E-A709-A4F29F1D632B}.Release|Any CPU.ActiveCfg = Release|Any CPU
		{E2A348B4-65A6-485E-A709-A4F29F1D632B}.Release|Any CPU.Build.0 = Release|Any CPU
		{DAD50D5D-8D72-490B-85F9-FED9766BE47F}.Debug|Any CPU.ActiveCfg = Debug|Any CPU
		{DAD50D5D-8D72-490B-85F9-FED9766BE47F}.Debug|Any CPU.Build.0 = Debug|Any CPU
		{DAD50D5D-8D72-490B-85F9-FED9766BE47F}.Release|Any CPU.ActiveCfg = Release|Any CPU
		{DAD50D5D-8D72-490B-85F9-FED9766BE47F}.Release|Any CPU.Build.0 = Release|Any CPU
		{646091A0-79CE-4B07-A39F-EE7C67F8B4E6}.Debug|Any CPU.ActiveCfg = Debug|Any CPU
		{646091A0-79CE-4B07-A39F-EE7C67F8B4E6}.Debug|Any CPU.Build.0 = Debug|Any CPU
		{646091A0-79CE-4B07-A39F-EE7C67F8B4E6}.Release|Any CPU.ActiveCfg = Release|Any CPU
		{646091A0-79CE-4B07-A39F-EE7C67F8B4E6}.Release|Any CPU.Build.0 = Release|Any CPU
		{233CB042-CC04-48BE-A655-E30CC73FF2EA}.Debug|Any CPU.ActiveCfg = Debug|Any CPU
		{233CB042-CC04-48BE-A655-E30CC73FF2EA}.Debug|Any CPU.Build.0 = Debug|Any CPU
		{233CB042-CC04-48BE-A655-E30CC73FF2EA}.Release|Any CPU.ActiveCfg = Release|Any CPU
		{233CB042-CC04-48BE-A655-E30CC73FF2EA}.Release|Any CPU.Build.0 = Release|Any CPU
		{1C39F707-EE80-4F91-B1AA-85B3E006B529}.Debug|Any CPU.ActiveCfg = Debug|Any CPU
		{1C39F707-EE80-4F91-B1AA-85B3E006B529}.Debug|Any CPU.Build.0 = Debug|Any CPU
		{1C39F707-EE80-4F91-B1AA-85B3E006B529}.Release|Any CPU.ActiveCfg = Release|Any CPU
		{1C39F707-EE80-4F91-B1AA-85B3E006B529}.Release|Any CPU.Build.0 = Release|Any CPU
		{59FCB768-8923-4922-9268-558C165C1539}.Debug|Any CPU.ActiveCfg = Debug|Any CPU
		{59FCB768-8923-4922-9268-558C165C1539}.Debug|Any CPU.Build.0 = Debug|Any CPU
		{59FCB768-8923-4922-9268-558C165C1539}.Release|Any CPU.ActiveCfg = Release|Any CPU
		{59FCB768-8923-4922-9268-558C165C1539}.Release|Any CPU.Build.0 = Release|Any CPU
	EndGlobalSection
	GlobalSection(SolutionProperties) = preSolution
		HideSolutionNode = FALSE
	EndGlobalSection
	GlobalSection(ExtensibilityGlobals) = postSolution
		SolutionGuid = {4BC1CB76-C80F-4047-A5D9-587240B3C59A}
	EndGlobalSection
EndGlobal
